
Microsoft Visual Studio Solution File, Format Version 12.00
# Visual Studio 15
VisualStudioVersion = 15.0.28307.438
MinimumVisualStudioVersion = 10.0.40219.1
Project("{FAE04EC0-301F-11D3-BF4B-00C04F79EFBC}") = "RabitMqPubSub", "RabitMqPubSub\RabitMqPubSub.csproj", "{7CFA96DF-F289-4EEC-8C74-16BB7821560D}"
EndProject
Global
	GlobalSection(SolutionConfigurationPlatforms) = preSolution
		Debug|Any CPU = Debug|Any CPU
		Release|Any CPU = Release|Any CPU
	EndGlobalSection
	GlobalSection(ProjectConfigurationPlatforms) = postSolution
		{7CFA96DF-F289-4EEC-8C74-16BB7821560D}.Debug|Any CPU.ActiveCfg = Debug|Any CPU
		{7CFA96DF-F289-4EEC-8C74-16BB7821560D}.Debug|Any CPU.Build.0 = Debug|Any CPU
		{7CFA96DF-F289-4EEC-8C74-16BB7821560D}.Release|Any CPU.ActiveCfg = Release|Any CPU
		{7CFA96DF-F289-4EEC-8C74-16BB7821560D}.Release|Any CPU.Build.0 = Release|Any CPU
	EndGlobalSection
	GlobalSection(SolutionProperties) = preSolution
		HideSolutionNode = FALSE
	EndGlobalSection
	GlobalSection(ExtensibilityGlobals) = postSolution
		SolutionGuid = {1E38DBC3-66EF-42F1-8BAD-9A1C1AE099E5}
	EndGlobalSection
EndGlobal
